
Microsoft Visual Studio Solution File, Format Version 12.00
# Visual Studio Version 16
VisualStudioVersion = 16.0.30804.86
MinimumVisualStudioVersion = 10.0.40219.1
Project("{FAE04EC0-301F-11D3-BF4B-00C04F79EFBC}") = "TCPNetworkingClient", "TCPNetworkingClient.csproj", "{FB089310-198A-46DF-9292-64413992B92E}"
EndProject
Global
	GlobalSection(SolutionConfigurationPlatforms) = preSolution
		Debug|Any CPU = Debug|Any CPU
		Release|Any CPU = Release|Any CPU
	EndGlobalSection
	GlobalSection(ProjectConfigurationPlatforms) = postSolution
		{FB089310-198A-46DF-9292-64413992B92E}.Debug|Any CPU.ActiveCfg = Debug|Any CPU
		{FB089310-198A-46DF-9292-64413992B92E}.Debug|Any CPU.Build.0 = Debug|Any CPU
		{FB089310-198A-46DF-9292-64413992B92E}.Release|Any CPU.ActiveCfg = Release|Any CPU
		{FB089310-198A-46DF-9292-64413992B92E}.Release|Any CPU.Build.0 = Release|Any CPU
	EndGlobalSection
	GlobalSection(SolutionProperties) = preSolution
		HideSolutionNode = FALSE
	EndGlobalSection
	GlobalSection(ExtensibilityGlobals) = postSolution
		SolutionGuid = {76549D26-0F3A-4B13-8595-5E9596ACD9DE}
	EndGlobalSection
EndGlobal
